
Microsoft Visual Studio Solution File, Format Version 12.00
# Visual Studio Version 16
VisualStudioVersion = 16.0.31410.357
MinimumVisualStudioVersion = 10.0.40219.1
Project("{FAE04EC0-301F-11D3-BF4B-00C04F79EFBC}") = "WebExperience.Test", "WebExperience.Test\WebExperience.Test.csproj", "{D233DFC7-B7D1-4535-AA5A-989154B97F3B}"
EndProject
Project("{FAE04EC0-301F-11D3-BF4B-00C04F79EFBC}") = "GeneralKnowledge.Test", "GeneralKnowledge.Test\GeneralKnowledge.Test.csproj", "{35F7F76F-7321-448D-8977-21E3D956F063}"
EndProject
Project("{FAE04EC0-301F-11D3-BF4B-00C04F79EFBC}") = "Core", "Core\Core.csproj", "{9506DA97-ED21-4282-A873-6494222220C2}"
EndProject
Project("{FAE04EC0-301F-11D3-BF4B-00C04F79EFBC}") = "Infrastructure", "Infrastructure\Infrastructure.csproj", "{F6068F3F-18D6-4CA6-B231-13F7C478E089}"
EndProject
Global
	GlobalSection(SolutionConfigurationPlatforms) = preSolution
		Debug|Any CPU = Debug|Any CPU
		Release|Any CPU = Release|Any CPU
	EndGlobalSection
	GlobalSection(ProjectConfigurationPlatforms) = postSolution
		{D233DFC7-B7D1-4535-AA5A-989154B97F3B}.Debug|Any CPU.ActiveCfg = Debug|Any CPU
		{D233DFC7-B7D1-4535-AA5A-989154B97F3B}.Debug|Any CPU.Build.0 = Debug|Any CPU
		{D233DFC7-B7D1-4535-AA5A-989154B97F3B}.Release|Any CPU.ActiveCfg = Release|Any CPU
		{D233DFC7-B7D1-4535-AA5A-989154B97F3B}.Release|Any CPU.Build.0 = Release|Any CPU
		{35F7F76F-7321-448D-8977-21E3D956F063}.Debug|Any CPU.ActiveCfg = Debug|Any CPU
		{35F7F76F-7321-448D-8977-21E3D956F063}.Debug|Any CPU.Build.0 = Debug|Any CPU
		{35F7F76F-7321-448D-8977-21E3D956F063}.Release|Any CPU.ActiveCfg = Release|Any CPU
		{35F7F76F-7321-448D-8977-21E3D956F063}.Release|Any CPU.Build.0 = Release|Any CPU
		{9506DA97-ED21-4282-A873-6494222220C2}.Debug|Any CPU.ActiveCfg = Debug|Any CPU
		{9506DA97-ED21-4282-A873-6494222220C2}.Debug|Any CPU.Build.0 = Debug|Any CPU
		{9506DA97-ED21-4282-A873-6494222220C2}.Release|Any CPU.ActiveCfg = Release|Any CPU
		{9506DA97-ED21-4282-A873-6494222220C2}.Release|Any CPU.Build.0 = Release|Any CPU
		{F6068F3F-18D6-4CA6-B231-13F7C478E089}.Debug|Any CPU.ActiveCfg = Debug|Any CPU
		{F6068F3F-18D6-4CA6-B231-13F7C478E089}.Debug|Any CPU.Build.0 = Debug|Any CPU
		{F6068F3F-18D6-4CA6-B231-13F7C478E089}.Release|Any CPU.ActiveCfg = Release|Any CPU
		{F6068F3F-18D6-4CA6-B231-13F7C478E089}.Release|Any CPU.Build.0 = Release|Any CPU
	EndGlobalSection
	GlobalSection(SolutionProperties) = preSolution
		HideSolutionNode = FALSE
	EndGlobalSection
	GlobalSection(ExtensibilityGlobals) = postSolution
		SolutionGuid = {01951CB3-3289-4E40-895D-AB1FF03B4B50}
	EndGlobalSection
EndGlobal
